
Microsoft Visual Studio Solution File, Format Version 12.00
# Visual Studio Version 16
VisualStudioVersion = 16.0.28315.86
MinimumVisualStudioVersion = 10.0.40219.1
Project("{2150E333-8FDC-42A3-9474-1A3956D46DE8}") = "Engine", "Engine", "{E4A58618-B52B-4F98-895D-0D3CA9F5CAC8}"
EndProject
Project("{2150E333-8FDC-42A3-9474-1A3956D46DE8}") = "Games", "Games", "{546DE481-C0DF-4E9C-B2E8-F93088C957B0}"
EndProject
Project("{8BC9CEB8-8B4A-11D0-8D11-00A0C91BC942}") = "FactoryGame", "Intermediate\ProjectFiles\FactoryGame.vcxproj", "{C4D6EDCF-3B4A-4F8C-989B-551931FE6436}"
EndProject
Project("{8BC9CEB8-8B4A-11D0-8D11-00A0C91BC942}") = "UE4", "Intermediate\ProjectFiles\UE4.vcxproj", "{DA3CFCF0-CDFA-4DC7-B2D2-98E727E099ED}"
EndProject
Project("{2150E333-8FDC-42A3-9474-1A3956D46DE8}") = "Visualizers", "Visualizers", "{A8A0BCCE-A931-44AC-A1CF-83B7EA19C48C}"
	ProjectSection(SolutionItems) = preProject
		E:\Unreal Engine - CSS\Engine\Extras\VisualStudioDebugging\UE4.natvis = E:\Unreal Engine - CSS\Engine\Extras\VisualStudioDebugging\UE4.natvis
	EndProjectSection
EndProject
Global
	GlobalSection(SolutionConfigurationPlatforms) = preSolution
		DebugGame Editor|Win64 = DebugGame Editor|Win64
		DebugGame|Win64 = DebugGame|Win64
		Development Editor|Win64 = Development Editor|Win64
		Development|Win64 = Development|Win64
		Shipping|Win64 = Shipping|Win64
	EndGlobalSection
	GlobalSection(ProjectConfigurationPlatforms) = postSolution
		{C4D6EDCF-3B4A-4F8C-989B-551931FE6436}.DebugGame Editor|Win64.ActiveCfg = DebugGame_Editor|x64
		{C4D6EDCF-3B4A-4F8C-989B-551931FE6436}.DebugGame Editor|Win64.Build.0 = DebugGame_Editor|x64
		{C4D6EDCF-3B4A-4F8C-989B-551931FE6436}.DebugGame|Win64.ActiveCfg = DebugGame|x64
		{C4D6EDCF-3B4A-4F8C-989B-551931FE6436}.DebugGame|Win64.Build.0 = DebugGame|x64
		{C4D6EDCF-3B4A-4F8C-989B-551931FE6436}.Development Editor|Win64.ActiveCfg = Development_Editor|x64
		{C4D6EDCF-3B4A-4F8C-989B-551931FE6436}.Development Editor|Win64.Build.0 = Development_Editor|x64
		{C4D6EDCF-3B4A-4F8C-989B-551931FE6436}.Development|Win64.ActiveCfg = Development|x64
		{C4D6EDCF-3B4A-4F8C-989B-551931FE6436}.Development|Win64.Build.0 = Development|x64
		{C4D6EDCF-3B4A-4F8C-989B-551931FE6436}.Shipping|Win64.ActiveCfg = Shipping|x64
		{C4D6EDCF-3B4A-4F8C-989B-551931FE6436}.Shipping|Win64.Build.0 = Shipping|x64
		{DA3CFCF0-CDFA-4DC7-B2D2-98E727E099ED}.DebugGame Editor|Win64.ActiveCfg = BuiltWithUnrealBuildTool|Win32
		{DA3CFCF0-CDFA-4DC7-B2D2-98E727E099ED}.DebugGame|Win64.ActiveCfg = BuiltWithUnrealBuildTool|Win32
		{DA3CFCF0-CDFA-4DC7-B2D2-98E727E099ED}.Development Editor|Win64.ActiveCfg = BuiltWithUnrealBuildTool|Win32
		{DA3CFCF0-CDFA-4DC7-B2D2-98E727E099ED}.Development|Win64.ActiveCfg = BuiltWithUnrealBuildTool|Win32
		{DA3CFCF0-CDFA-4DC7-B2D2-98E727E099ED}.Shipping|Win64.ActiveCfg = BuiltWithUnrealBuildTool|Win32
	EndGlobalSection
	GlobalSection(SolutionProperties) = preSolution
		HideSolutionNode = FALSE
	EndGlobalSection
	GlobalSection(NestedProjects) = preSolution
		{DA3CFCF0-CDFA-4DC7-B2D2-98E727E099ED} = {E4A58618-B52B-4F98-895D-0D3CA9F5CAC8}
		{C4D6EDCF-3B4A-4F8C-989B-551931FE6436} = {546DE481-C0DF-4E9C-B2E8-F93088C957B0}
	EndGlobalSection
EndGlobal
